
Microsoft Visual Studio Solution File, Format Version 12.00
# Visual Studio Version 17
VisualStudioVersion = 17.6.33513.286
MinimumVisualStudioVersion = 10.0.40219.1
Project("{FAE04EC0-301F-11D3-BF4B-00C04F79EFBC}") = "TDDBank", "TDDBank\TDDBank.csproj", "{92114A45-CA53-43C6-810A-331A76CA34C4}"
EndProject
Project("{FAE04EC0-301F-11D3-BF4B-00C04F79EFBC}") = "TDDBank.Tests", "TDDBank.Tests\TDDBank.Tests.csproj", "{6DC48E94-7A69-4E8F-A07F-BCD6449FB4B4}"
EndProject
Global
	GlobalSection(SolutionConfigurationPlatforms) = preSolution
		Debug|Any CPU = Debug|Any CPU
		Release|Any CPU = Release|Any CPU
	EndGlobalSection
	GlobalSection(ProjectConfigurationPlatforms) = postSolution
		{92114A45-CA53-43C6-810A-331A76CA34C4}.Debug|Any CPU.ActiveCfg = Debug|Any CPU
		{92114A45-CA53-43C6-810A-331A76CA34C4}.Debug|Any CPU.Build.0 = Debug|Any CPU
		{92114A45-CA53-43C6-810A-331A76CA34C4}.Release|Any CPU.ActiveCfg = Release|Any CPU
		{92114A45-CA53-43C6-810A-331A76CA34C4}.Release|Any CPU.Build.0 = Release|Any CPU
		{6DC48E94-7A69-4E8F-A07F-BCD6449FB4B4}.Debug|Any CPU.ActiveCfg = Debug|Any CPU
		{6DC48E94-7A69-4E8F-A07F-BCD6449FB4B4}.Debug|Any CPU.Build.0 = Debug|Any CPU
		{6DC48E94-7A69-4E8F-A07F-BCD6449FB4B4}.Release|Any CPU.ActiveCfg = Release|Any CPU
		{6DC48E94-7A69-4E8F-A07F-BCD6449FB4B4}.Release|Any CPU.Build.0 = Release|Any CPU
	EndGlobalSection
	GlobalSection(SolutionProperties) = preSolution
		HideSolutionNode = FALSE
	EndGlobalSection
	GlobalSection(ExtensibilityGlobals) = postSolution
		SolutionGuid = {7D0582F7-E913-4B6A-95F3-0502DAD6A6E0}
	EndGlobalSection
EndGlobal
