
Microsoft Visual Studio Solution File, Format Version 12.00
# Visual Studio Version 17
VisualStudioVersion = 17.6.33513.286
MinimumVisualStudioVersion = 10.0.40219.1
Project("{FAE04EC0-301F-11D3-BF4B-00C04F79EFBC}") = "Calculator", "Calculator\Calculator.csproj", "{DA462947-AB4C-460B-A40F-39F1C126CFDA}"
EndProject
Project("{FAE04EC0-301F-11D3-BF4B-00C04F79EFBC}") = "Calculator.Tests", "Calculator.Tests\Calculator.Tests.csproj", "{C0071F46-0336-4483-A250-5C82A782124A}"
EndProject
Project("{FAE04EC0-301F-11D3-BF4B-00C04F79EFBC}") = "Calculator.Tests_NUnit", "Calculator.Tests_NUnit\Calculator.Tests_NUnit.csproj", "{1EF5E863-8BAC-473F-B9F4-45D153C277CA}"
EndProject
Project("{FAE04EC0-301F-11D3-BF4B-00C04F79EFBC}") = "Calculator.Tests_MSTest", "Calculator.Tests_MSTest\Calculator.Tests_MSTest.csproj", "{35944F39-4EA9-4908-AEC7-C18C1C396372}"
EndProject
Global
	GlobalSection(SolutionConfigurationPlatforms) = preSolution
		Debug|Any CPU = Debug|Any CPU
		Release|Any CPU = Release|Any CPU
	EndGlobalSection
	GlobalSection(ProjectConfigurationPlatforms) = postSolution
		{DA462947-AB4C-460B-A40F-39F1C126CFDA}.Debug|Any CPU.ActiveCfg = Debug|Any CPU
		{DA462947-AB4C-460B-A40F-39F1C126CFDA}.Debug|Any CPU.Build.0 = Debug|Any CPU
		{DA462947-AB4C-460B-A40F-39F1C126CFDA}.Release|Any CPU.ActiveCfg = Release|Any CPU
		{DA462947-AB4C-460B-A40F-39F1C126CFDA}.Release|Any CPU.Build.0 = Release|Any CPU
		{C0071F46-0336-4483-A250-5C82A782124A}.Debug|Any CPU.ActiveCfg = Debug|Any CPU
		{C0071F46-0336-4483-A250-5C82A782124A}.Debug|Any CPU.Build.0 = Debug|Any CPU
		{C0071F46-0336-4483-A250-5C82A782124A}.Release|Any CPU.ActiveCfg = Release|Any CPU
		{C0071F46-0336-4483-A250-5C82A782124A}.Release|Any CPU.Build.0 = Release|Any CPU
		{1EF5E863-8BAC-473F-B9F4-45D153C277CA}.Debug|Any CPU.ActiveCfg = Debug|Any CPU
		{1EF5E863-8BAC-473F-B9F4-45D153C277CA}.Debug|Any CPU.Build.0 = Debug|Any CPU
		{1EF5E863-8BAC-473F-B9F4-45D153C277CA}.Release|Any CPU.ActiveCfg = Release|Any CPU
		{1EF5E863-8BAC-473F-B9F4-45D153C277CA}.Release|Any CPU.Build.0 = Release|Any CPU
		{35944F39-4EA9-4908-AEC7-C18C1C396372}.Debug|Any CPU.ActiveCfg = Debug|Any CPU
		{35944F39-4EA9-4908-AEC7-C18C1C396372}.Debug|Any CPU.Build.0 = Debug|Any CPU
		{35944F39-4EA9-4908-AEC7-C18C1C396372}.Release|Any CPU.ActiveCfg = Release|Any CPU
		{35944F39-4EA9-4908-AEC7-C18C1C396372}.Release|Any CPU.Build.0 = Release|Any CPU
	EndGlobalSection
	GlobalSection(SolutionProperties) = preSolution
		HideSolutionNode = FALSE
	EndGlobalSection
	GlobalSection(ExtensibilityGlobals) = postSolution
		SolutionGuid = {928DDCE4-8260-478F-8F49-F938E8B941B9}
	EndGlobalSection
EndGlobal
