
Microsoft Visual Studio Solution File, Format Version 12.00
# Visual Studio Version 17
VisualStudioVersion = 17.6.33513.286
MinimumVisualStudioVersion = 10.0.40219.1
Project("{FAE04EC0-301F-11D3-BF4B-00C04F79EFBC}") = "ppedv.BooksManager.Model", "ppedv.BooksManager.Model\ppedv.BooksManager.Model.csproj", "{EAAAE6F1-4DE1-4669-B48A-EDC3CA09B6B8}"
EndProject
Global
	GlobalSection(SolutionConfigurationPlatforms) = preSolution
		Debug|Any CPU = Debug|Any CPU
		Release|Any CPU = Release|Any CPU
	EndGlobalSection
	GlobalSection(ProjectConfigurationPlatforms) = postSolution
		{EAAAE6F1-4DE1-4669-B48A-EDC3CA09B6B8}.Debug|Any CPU.ActiveCfg = Debug|Any CPU
		{EAAAE6F1-4DE1-4669-B48A-EDC3CA09B6B8}.Debug|Any CPU.Build.0 = Debug|Any CPU
		{EAAAE6F1-4DE1-4669-B48A-EDC3CA09B6B8}.Release|Any CPU.ActiveCfg = Release|Any CPU
		{EAAAE6F1-4DE1-4669-B48A-EDC3CA09B6B8}.Release|Any CPU.Build.0 = Release|Any CPU
	EndGlobalSection
	GlobalSection(SolutionProperties) = preSolution
		HideSolutionNode = FALSE
	EndGlobalSection
	GlobalSection(ExtensibilityGlobals) = postSolution
		SolutionGuid = {7B6B0823-8CEF-4378-ACFF-C49DFB749169}
	EndGlobalSection
EndGlobal
